
Microsoft Visual Studio Solution File, Format Version 12.00
# Visual Studio Version 17
VisualStudioVersion = 17.3.32825.248
MinimumVisualStudioVersion = 10.0.40219.1
Project("{9A19103F-16F7-4668-BE54-9A1E7A4F7556}") = "Bowling", "Bowling\Bowling.csproj", "{594241DC-F528-46DC-AA2E-35829D9DDAE7}"
EndProject
Project("{9A19103F-16F7-4668-BE54-9A1E7A4F7556}") = "Bowling.Tests", "Bowling.Tests\Bowling.Tests.csproj", "{B62ED354-46C7-40D8-AA3F-7F5C83F5753C}"
EndProject
Global
	GlobalSection(SolutionConfigurationPlatforms) = preSolution
		Debug|Any CPU = Debug|Any CPU
		Release|Any CPU = Release|Any CPU
	EndGlobalSection
	GlobalSection(ProjectConfigurationPlatforms) = postSolution
		{594241DC-F528-46DC-AA2E-35829D9DDAE7}.Debug|Any CPU.ActiveCfg = Debug|Any CPU
		{594241DC-F528-46DC-AA2E-35829D9DDAE7}.Debug|Any CPU.Build.0 = Debug|Any CPU
		{594241DC-F528-46DC-AA2E-35829D9DDAE7}.Release|Any CPU.ActiveCfg = Release|Any CPU
		{594241DC-F528-46DC-AA2E-35829D9DDAE7}.Release|Any CPU.Build.0 = Release|Any CPU
		{B62ED354-46C7-40D8-AA3F-7F5C83F5753C}.Debug|Any CPU.ActiveCfg = Debug|Any CPU
		{B62ED354-46C7-40D8-AA3F-7F5C83F5753C}.Debug|Any CPU.Build.0 = Debug|Any CPU
		{B62ED354-46C7-40D8-AA3F-7F5C83F5753C}.Release|Any CPU.ActiveCfg = Release|Any CPU
		{B62ED354-46C7-40D8-AA3F-7F5C83F5753C}.Release|Any CPU.Build.0 = Release|Any CPU
	EndGlobalSection
	GlobalSection(SolutionProperties) = preSolution
		HideSolutionNode = FALSE
	EndGlobalSection
	GlobalSection(ExtensibilityGlobals) = postSolution
		SolutionGuid = {9BF67CB3-B809-438D-BBA1-BDC007C947D2}
	EndGlobalSection
EndGlobal
